
Microsoft Visual Studio Solution File, Format Version 12.00
# Visual Studio 2013
VisualStudioVersion = 12.0.40629.0
MinimumVisualStudioVersion = 10.0.40219.1
Project("{FAE04EC0-301F-11D3-BF4B-00C04F79EFBC}") = "MvcMusicStore", "MvcMusicStore\MvcMusicStore.csproj", "{02DF9CD3-C7AD-4A58-B910-93CD4BE6B5FC}"
EndProject
Project("{FAE04EC0-301F-11D3-BF4B-00C04F79EFBC}") = "MvcMusicStore.Tests", "MvcMusicStore.Tests\MvcMusicStore.Tests.csproj", "{1C4AC06D-2DE9-4093-B394-3AE26AB453CA}"
EndProject
Global
	GlobalSection(SolutionConfigurationPlatforms) = preSolution
		Debug|Any CPU = Debug|Any CPU
		Release|Any CPU = Release|Any CPU
	EndGlobalSection
	GlobalSection(ProjectConfigurationPlatforms) = postSolution
		{02DF9CD3-C7AD-4A58-B910-93CD4BE6B5FC}.Debug|Any CPU.ActiveCfg = Debug|Any CPU
		{02DF9CD3-C7AD-4A58-B910-93CD4BE6B5FC}.Debug|Any CPU.Build.0 = Debug|Any CPU
		{02DF9CD3-C7AD-4A58-B910-93CD4BE6B5FC}.Release|Any CPU.ActiveCfg = Release|Any CPU
		{02DF9CD3-C7AD-4A58-B910-93CD4BE6B5FC}.Release|Any CPU.Build.0 = Release|Any CPU
		{1C4AC06D-2DE9-4093-B394-3AE26AB453CA}.Debug|Any CPU.ActiveCfg = Debug|Any CPU
		{1C4AC06D-2DE9-4093-B394-3AE26AB453CA}.Debug|Any CPU.Build.0 = Debug|Any CPU
		{1C4AC06D-2DE9-4093-B394-3AE26AB453CA}.Release|Any CPU.ActiveCfg = Release|Any CPU
		{1C4AC06D-2DE9-4093-B394-3AE26AB453CA}.Release|Any CPU.Build.0 = Release|Any CPU
	EndGlobalSection
	GlobalSection(SolutionProperties) = preSolution
		HideSolutionNode = FALSE
	EndGlobalSection
EndGlobal
